
Microsoft Visual Studio Solution File, Format Version 12.00
# Visual Studio Version 16
VisualStudioVersion = 16.0.29418.71
MinimumVisualStudioVersion = 10.0.40219.1
Project("{FAE04EC0-301F-11D3-BF4B-00C04F79EFBC}") = "CollectionsWPF", "CollectionsWPF\CollectionsWPF.csproj", "{86A7BE7B-45C2-4688-BA1F-3B7A119196D3}"
EndProject
Global
	GlobalSection(SolutionConfigurationPlatforms) = preSolution
		Debug|Any CPU = Debug|Any CPU
		Release|Any CPU = Release|Any CPU
	EndGlobalSection
	GlobalSection(ProjectConfigurationPlatforms) = postSolution
		{86A7BE7B-45C2-4688-BA1F-3B7A119196D3}.Debug|Any CPU.ActiveCfg = Debug|Any CPU
		{86A7BE7B-45C2-4688-BA1F-3B7A119196D3}.Debug|Any CPU.Build.0 = Debug|Any CPU
		{86A7BE7B-45C2-4688-BA1F-3B7A119196D3}.Release|Any CPU.ActiveCfg = Release|Any CPU
		{86A7BE7B-45C2-4688-BA1F-3B7A119196D3}.Release|Any CPU.Build.0 = Release|Any CPU
	EndGlobalSection
	GlobalSection(SolutionProperties) = preSolution
		HideSolutionNode = FALSE
	EndGlobalSection
	GlobalSection(ExtensibilityGlobals) = postSolution
		SolutionGuid = {8C6C5F84-58D0-43AC-876A-1E0110E68A3D}
	EndGlobalSection
EndGlobal
